
Microsoft Visual Studio Solution File, Format Version 12.00
# Visual Studio Version 17
VisualStudioVersion = 17.11.35312.102
MinimumVisualStudioVersion = 10.0.40219.1
Project("{9A19103F-16F7-4668-BE54-9A1E7A4F7556}") = "E_commerce", "E_commerce.csproj", "{923E6865-BEA9-4075-803D-1907F00BAFB6}"
EndProject
Global
	GlobalSection(SolutionConfigurationPlatforms) = preSolution
		Debug|Any CPU = Debug|Any CPU
		Release|Any CPU = Release|Any CPU
	EndGlobalSection
	GlobalSection(ProjectConfigurationPlatforms) = postSolution
		{923E6865-BEA9-4075-803D-1907F00BAFB6}.Debug|Any CPU.ActiveCfg = Debug|Any CPU
		{923E6865-BEA9-4075-803D-1907F00BAFB6}.Debug|Any CPU.Build.0 = Debug|Any CPU
		{923E6865-BEA9-4075-803D-1907F00BAFB6}.Release|Any CPU.ActiveCfg = Release|Any CPU
		{923E6865-BEA9-4075-803D-1907F00BAFB6}.Release|Any CPU.Build.0 = Release|Any CPU
	EndGlobalSection
	GlobalSection(SolutionProperties) = preSolution
		HideSolutionNode = FALSE
	EndGlobalSection
	GlobalSection(ExtensibilityGlobals) = postSolution
		SolutionGuid = {A2C6381F-842A-489D-A122-2F2EB47ABC30}
	EndGlobalSection
EndGlobal
